<?xml version="1.0" encoding="utf-8"?>
<Project ToolsVersion="4.0" xmlns="http://schemas.microsoft.com/developer/msbuild/2003">
  <ItemGroup>
    <Filter Include="Header files">
      <UniqueIdentifier>{a8643cdb-8a8e-48b1-a8d0-6bb9e413a89a}</UniqueIdentifier>
    </Filter>
    <Filter Include="Source files">
      <UniqueIdentifier>{45d71eb6-329c-4ceb-a45d-cd466e42a12c}</UniqueIdentifier>
    </Filter>
  </ItemGroup>
  <ItemGroup>
    <ClCompile Include="..\..\src\fluttml.c">
      <Filter>Source files</Filter>
    </ClCompile>
    <ClCompile Include="..\..\src\gstttmltype.c">
      <Filter>Source files</Filter>
    </ClCompile>
    <ClCompile Include="..\..\src\gstttmlparse.c">
      <Filter>Source files</Filter>
    </ClCompile>
    <ClCompile Include="..\..\src\gstttmlspan.c">
      <Filter>Source files</Filter>
    </ClCompile>
    <ClCompile Include="..\..\src\gstttmlevent.c">
      <Filter>Source files</Filter>
    </ClCompile>
    <ClCompile Include="..\..\src\gstttmlattribute.c">
      <Filter>Source files</Filter>
    </ClCompile>
    <ClCompile Include="..\..\src\gstttmlstate.c">
      <Filter>Source files</Filter>
    </ClCompile>
    <ClCompile Include="..\..\src\gstttmlutils.c">
      <Filter>Source files</Filter>
    </ClCompile>
  </ItemGroup>
  <ItemGroup>
    <ClInclude Include="..\..\src\gstttmlparse.h">
      <Filter>Header files</Filter>
    </ClInclude>
    <ClInclude Include="..\..\src\gstttmltype.h">
      <Filter>Header files</Filter>
    </ClInclude>
    <ClInclude Include="..\..\src\gstttmlspan.h">
      <Filter>Header files</Filter>
    </ClInclude>
    <ClInclude Include="..\..\src\gstttmlevent.h">
      <Filter>Header files</Filter>
    </ClInclude>
    <ClInclude Include="..\..\src\gstttmlattribute.h">
      <Filter>Header files</Filter>
    </ClInclude>
    <ClInclude Include="..\..\src\gstttmlstate.h">
      <Filter>Header files</Filter>
    </ClInclude>
    <ClInclude Include="..\..\src\gstttmlenums.h">
      <Filter>Header files</Filter>
    </ClInclude>
    <ClInclude Include="..\..\src\gstttmlutils.h">
      <Filter>Header files</Filter>
    </ClInclude>
    <ClInclude Include="..\..\src\gstttmlforward.h">
      <Filter>Header files</Filter>
    </ClInclude>
  </ItemGroup>
</Project>